
Microsoft Visual Studio Solution File, Format Version 12.00
# Visual Studio Version 17
VisualStudioVersion = 17.2.32616.157
MinimumVisualStudioVersion = 10.0.40219.1
Project("{FAE04EC0-301F-11D3-BF4B-00C04F79EFBC}") = "RazorPagesMovie", "RazorPagesMovie.csproj", "{12C9A601-AA47-4F37-B66E-423E963BBC29}"
EndProject
Global
	GlobalSection(SolutionConfigurationPlatforms) = preSolution
		Debug|Any CPU = Debug|Any CPU
		Release|Any CPU = Release|Any CPU
	EndGlobalSection
	GlobalSection(ProjectConfigurationPlatforms) = postSolution
		{12C9A601-AA47-4F37-B66E-423E963BBC29}.Debug|Any CPU.ActiveCfg = Debug|Any CPU
		{12C9A601-AA47-4F37-B66E-423E963BBC29}.Debug|Any CPU.Build.0 = Debug|Any CPU
		{12C9A601-AA47-4F37-B66E-423E963BBC29}.Release|Any CPU.ActiveCfg = Release|Any CPU
		{12C9A601-AA47-4F37-B66E-423E963BBC29}.Release|Any CPU.Build.0 = Release|Any CPU
	EndGlobalSection
	GlobalSection(SolutionProperties) = preSolution
		HideSolutionNode = FALSE
	EndGlobalSection
	GlobalSection(ExtensibilityGlobals) = postSolution
		SolutionGuid = {D83744D4-2690-42BB-B494-22EB994D6751}
	EndGlobalSection
EndGlobal
